
Microsoft Visual Studio Solution File, Format Version 12.00
# Visual Studio Version 17
VisualStudioVersion = 17.6.33712.159
MinimumVisualStudioVersion = 10.0.40219.1
Project("{FAE04EC0-301F-11D3-BF4B-00C04F79EFBC}") = "FirstWebApplication", "FirstWebApplication\FirstWebApplication.csproj", "{CF50609C-611C-4993-800C-25795B9D3809}"
EndProject
Global
	GlobalSection(SolutionConfigurationPlatforms) = preSolution
		Debug|Any CPU = Debug|Any CPU
		Release|Any CPU = Release|Any CPU
	EndGlobalSection
	GlobalSection(ProjectConfigurationPlatforms) = postSolution
		{CF50609C-611C-4993-800C-25795B9D3809}.Debug|Any CPU.ActiveCfg = Debug|Any CPU
		{CF50609C-611C-4993-800C-25795B9D3809}.Debug|Any CPU.Build.0 = Debug|Any CPU
		{CF50609C-611C-4993-800C-25795B9D3809}.Release|Any CPU.ActiveCfg = Release|Any CPU
		{CF50609C-611C-4993-800C-25795B9D3809}.Release|Any CPU.Build.0 = Release|Any CPU
	EndGlobalSection
	GlobalSection(SolutionProperties) = preSolution
		HideSolutionNode = FALSE
	EndGlobalSection
	GlobalSection(ExtensibilityGlobals) = postSolution
		SolutionGuid = {8ED91340-A1DD-4162-9141-4A6CCC858E84}
	EndGlobalSection
EndGlobal
